{
  "name": "charm",
  "version": "1.0.0",
  "lockfileVersion": 3,
  "requires": true,
  "packages": {
    "": {
      "name": "charm",
      "version": "1.0.0",
      "license": "MIT",
      "dependencies": {
        "jquery.photoswipe": "https://github.com/yaquawa/jquery.photoswipe.git",
        "parallax.js": "https://github.com/pixelcog/parallax.js.git#^1.5.0",
        "photoswipe": "^5.4.3",
        "rrssb": "^1.14.0",
        "sidr": "https://github.com/artberri/sidr.git#^2.2.1",
        "sticky-kit": "^1.1.3",
        "waypoints": "^4.0.1"
      }
    },
    "node_modules/jquery": {
      "version": "1.12.4",
      "resolved": "https://registry.npmjs.org/jquery/-/jquery-1.12.4.tgz",
      "integrity": "sha1-AeHfuikP5z3rp3zurLD5ui/sngw= sha512-UEVp7PPK9xXYSk8xqXCJrkXnKZtlgWkd2GsAQbMRFK6S/ePU2JN5G2Zum8hIVjzR3CpdfSqdqAzId/xd4TJHeg=="
    },
    "node_modules/jquery.photoswipe": {
      "version": "1.1.1",
      "resolved": "git+ssh://git@github.com/yaquawa/jquery.photoswipe.git",
      "integrity": "sha512-QKc7cb3KFiloxryZ3nxkY9X34c/uo0dYS2FusX7cnoW/CQ81JuS8aMGmb/3EvUKox0TnytHUIVSgxK4Q0oWJNQ==",
      "license": "ISC",
      "dependencies": {
        "jquery": "^1.12.0",
        "photoswipe": "^4.1.1"
      }
    },
    "node_modules/jquery.photoswipe/node_modules/photoswipe": {
      "version": "4.1.3",
      "resolved": "https://registry.npmjs.org/photoswipe/-/photoswipe-4.1.3.tgz",
      "integrity": "sha512-89Z43IRUyw7ycTolo+AaiDn3W1EEIfox54hERmm9bI12IB9cvRfHSHez3XhAyU8XW2EAFrC+2sKMhh7SJwn0bA==",
      "engines": {
        "node": ">= 0.8.0"
      }
    },
    "node_modules/parallax.js": {
      "name": "jquery-parallax.js",
      "version": "1.5.0",
      "resolved": "git+ssh://git@github.com/pixelcog/parallax.js.git",
      "integrity": "sha512-VZF1cf2n1Q1FatM5kCyDMsQAcwjlyxFaqapRAUh4WNSW1uU/xAuctEOiWhtYzSOro1JTn62RQcVF3gTeoxomAA==",
      "license": "MIT",
      "dependencies": {
        "jquery": ">=1.7"
      }
    },
    "node_modules/photoswipe": {
      "version": "5.4.3",
      "resolved": "https://registry.npmjs.org/photoswipe/-/photoswipe-5.4.3.tgz",
      "integrity": "sha512-9UC6oJBK4oXFZ5HcdlcvGkfEHsVrmE4csUdCQhEjHYb3PvPLO3PG7UhnPuOgjxwmhq5s17Un5NUdum01LgBDng==",
      "engines": {
        "node": ">= 0.12.0"
      }
    },
    "node_modules/rrssb": {
      "version": "1.14.0",
      "resolved": "https://registry.npmjs.org/rrssb/-/rrssb-1.14.0.tgz",
      "integrity": "sha1-tvWv3cVCIbriT1Y4KMfR3VJ1AnI= sha512-RvdMECMfIVzuw4UrlLR4/QyJeo6D1aGfquhxcoY43/2o0xcEOP3eJA228WTAAxy4mMFKpP4U/I1ilTAWY7K+Rw=="
    },
    "node_modules/sidr": {
      "version": "3.0.0",
      "resolved": "git+ssh://git@github.com/artberri/sidr.git",
      "integrity": "sha512-eoMX5SS74nRd7VJ1Y8my5op0TNCLFyR3KqK5+ulTDUboo/7hAKHF8k3bigchedpWe1uSwdWQwo12ba8eA/LXvQ==",
      "license": "MIT",
      "dependencies": {
        "jquery": ">1.12.4"
      },
      "engines": {
        "node": ">= 0.6.0"
      }
    },
    "node_modules/sidr/node_modules/jquery": {
      "version": "3.7.1",
      "resolved": "https://registry.npmjs.org/jquery/-/jquery-3.7.1.tgz",
      "integrity": "sha512-m4avr8yL8kmFN8psrbFFFmB/If14iN5o9nw/NgnnM+kybDJpRsAynV2BsfpTYrTRysYUdADVD7CkUUizgkpLfg=="
    },
    "node_modules/sticky-kit": {
      "version": "1.1.3",
      "resolved": "https://registry.npmjs.org/sticky-kit/-/sticky-kit-1.1.3.tgz",
      "integrity": "sha1-2rWs5JtGLPbUlpsdWOY5/AE3dXA= sha512-3TTTqSvKP/wfgXuEY444fwN5w1jsN35PIh1yIg2/1vCNmKJh+PRAXUhvSnZqjddOq86WtpL9slNm+BcEXBrteA=="
    },
    "node_modules/waypoints": {
      "version": "4.0.1",
      "resolved": "https://registry.npmjs.org/waypoints/-/waypoints-4.0.1.tgz",
      "integrity": "sha1-CZeaBXOBCylifLpDZqKEoGLsacg= sha512-PbydbsTvCFYoE1DaRAKBM4xPQi+7ULcULZ7vK79NLM55da5g46oyY62Xv9X5Z9F7O/qXmcS/XJ7Ae2pYij4bpw=="
    }
  }
}
