uuid: 69027e13-96a6-47d7-acf1-32bbe1d9db96
langcode: en
status: true
dependencies:
  module:
    - op_ext_search
    - system
  theme:
    - dc_theme
id: dc_theme_customsearchapiblock
theme: dc_theme
region: sidebar_second
weight: -5
provider: null
plugin: custom_search_api_block
settings:
  id: custom_search_api_block
  label: 'Custom Search API Block'
  label_display: '0'
  provider: op_ext_search
  search:
    search_label: Search
    search_placeholder: ''
    search_btn_label: ''
    search_url: /search/site
    label_sr_only: false
    search_input_size: false
    search_input_size_value: 0
  facets: {  }
visibility:
  request_path:
    id: request_path
    negate: true
    pages: '/search/*'
