uuid: a749be80-be85-4370-b698-4d46e6c9f5eb
langcode: en
status: true
dependencies:
  config:
    - block_content.type.content
    - core.entity_view_mode.block_content.full
  module:
    - block_content
    - entity_embed
label: Block
id: block
type_id: entity
type_settings:
  entity_type: block_content
  bundles:
    - content
  display_plugins:
    - 'view_mode:block_content.full'
  entity_browser: ''
  entity_browser_settings: {  }
icon:
  uri: 'public://embed_buttons/icon-content-block.png'
  data: iVBORw0KGgoAAAANSUhEUgAAACAAAAAgCAYAAABzenr0AAAAGXRFWHRTb2Z0d2FyZQBBZG9iZSBJbWFnZVJlYWR5ccllPAAAAyRpVFh0WE1MOmNvbS5hZG9iZS54bXAAAAAAADw/eHBhY2tldCBiZWdpbj0i77u/IiBpZD0iVzVNME1wQ2VoaUh6cmVTek5UY3prYzlkIj8+IDx4OnhtcG1ldGEgeG1sbnM6eD0iYWRvYmU6bnM6bWV0YS8iIHg6eG1wdGs9IkFkb2JlIFhNUCBDb3JlIDcuMS1jMDAwIDc5LmRhYmFjYmIsIDIwMjEvMDQvMTQtMDA6Mzk6NDQgICAgICAgICI+IDxyZGY6UkRGIHhtbG5zOnJkZj0iaHR0cDovL3d3dy53My5vcmcvMTk5OS8wMi8yMi1yZGYtc3ludGF4LW5zIyI+IDxyZGY6RGVzY3JpcHRpb24gcmRmOmFib3V0PSIiIHhtbG5zOnhtcD0iaHR0cDovL25zLmFkb2JlLmNvbS94YXAvMS4wLyIgeG1sbnM6eG1wTU09Imh0dHA6Ly9ucy5hZG9iZS5jb20veGFwLzEuMC9tbS8iIHhtbG5zOnN0UmVmPSJodHRwOi8vbnMuYWRvYmUuY29tL3hhcC8xLjAvc1R5cGUvUmVzb3VyY2VSZWYjIiB4bXA6Q3JlYXRvclRvb2w9IkFkb2JlIFBob3Rvc2hvcCAyMi41IChXaW5kb3dzKSIgeG1wTU06SW5zdGFuY2VJRD0ieG1wLmlpZDo2MjUwQkM0NEE0RDcxMUVDOTE1QTg1OUU0QTkzNUFERCIgeG1wTU06RG9jdW1lbnRJRD0ieG1wLmRpZDo2MjUwQkM0NUE0RDcxMUVDOTE1QTg1OUU0QTkzNUFERCI+IDx4bXBNTTpEZXJpdmVkRnJvbSBzdFJlZjppbnN0YW5jZUlEPSJ4bXAuaWlkOjYyNTBCQzQyQTRENzExRUM5MTVBODU5RTRBOTM1QUREIiBzdFJlZjpkb2N1bWVudElEPSJ4bXAuZGlkOjYyNTBCQzQzQTRENzExRUM5MTVBODU5RTRBOTM1QUREIi8+IDwvcmRmOkRlc2NyaXB0aW9uPiA8L3JkZjpSREY+IDwveDp4bXBtZXRhPiA8P3hwYWNrZXQgZW5kPSJyIj8+ARZrkgAAAgpJREFUeNrs1s9LFVEUwPF5/ti1SLEiQxOVtIX6UEhEyE2rcKkoKkSL0BYRLsRw5ULoD0hwI0grF4YalIISiL9QRER5C92Ym5e/CLHC3tPUvgNHmIZ7x5l5oy7ywAcevDn3nLkzd+41jP89khPILUMTKnGEb5fRcCHaMY9TmwW8wcOgi2ajBV8QVxS2i8u1LyXXV9xCIz5i36HYDnYd/jdzh9CADDeF89CHbYdBf+ETnkmjd/AcIzhwyNtCL7J0xTPxVZN8jGm8Rq7DDeSjFbOSoxprFbdVyW9tFx5iSl6sYh+PsQQdmJFVYh278+yiFFv31ojLtL7Hpo8GluX9MJd62FbrkSqhXzNlMYzhBe65KGw+42ZZCTHNmKNeGrDawwBqkWbJTUc9Bs9ZNWdGVI/ATdxEjYjKnYTwFHc1OebKGJcP1AOnwd3MgFsnshJaZWkbMjsJz8B5YS6xYXzAou2/VFVCUA2s4RUmZfW4jqAaiMhz9hxJATXg+0aSjCuO6wYus4E/lt8hVQMpF1g8bPkg/dOAtWg04KI5qEYdKmwH4BXdYeK7z0/vgIyRJpuSeQz74XAyuq/ruly23pjHBpbQI7Oou+Y3PqPI6/H7JMFNaQ5tKPD7LEvRJZ9bt4UjklMW5Etl7maP8Q7riqIb6EaVbudTRchnMzek0BMZwzx+TeCncR0e468AAwDRfgMKAniuMAAAAABJRU5ErkJggg==
icon_uuid: null
